{
  "lockfileVersion": 2,
  "configVersion": 1,
  "workspaces": {
    "": {
      "name": "keyzori-plugin-stripe",
      "dependencies": {
        "stripe": "22.6.1",
      },
    },
  },
  "packages": {
    "stripe": ["stripe@22.6.1", "", { "peerDependencies": { "@types/node": ">=18" }, "optionalPeers": ["@types/node"] }, "sha512-hAKSkGeVt2u46TRYhmnvwmVHxBNtOCJnPjc+SH5sP2B2ypElYzAAY3Ljx0Ar8C2w8nfpFQiZ95qoDCDsFkXMTA=="],
  }
}
